<Solution>
  <Folder Name="/src/">
    <Project Path="src/Eportal.Modules.Academic/Eportal.Modules.Academic.csproj" />
    <Project Path="src/Eportal.Modules.Exams/Eportal.Modules.Exams.csproj" />
    <Project Path="src/Eportal.Modules.Identity/Eportal.Modules.Identity.csproj" />
    <Project Path="src/Eportal.Modules.Requests/Eportal.Modules.Requests.csproj" />
    <Project Path="src/Eportal.Shared/Eportal.Shared.csproj" />
    <Project Path="src/Eportal.Web/Eportal.Web.csproj" />
  </Folder>
</Solution>
